
Microsoft Visual Studio Solution File, Format Version 12.00
# Visual Studio Version 17
VisualStudioVersion = 17.5.33516.290
MinimumVisualStudioVersion = 10.0.40219.1
Project("{8BC9CEB8-8B4A-11D0-8D11-00A0C91BC942}") = "binutils", "binutils.vcxproj", "{6490555E-CB9E-41ED-9EDE-5BAE5271A869}"
EndProject
Project("{8BC9CEB8-8B4A-11D0-8D11-00A0C91BC942}") = "objdump", "objdump.vcxproj", "{9671D3A9-27E8-4166-A419-1AA0896D7F80}"
EndProject
Global
	GlobalSection(SolutionConfigurationPlatforms) = preSolution
		Debug|x64 = Debug|x64
		Debug|x86 = Debug|x86
		Release|x64 = Release|x64
		Release|x86 = Release|x86
	EndGlobalSection
	GlobalSection(ProjectConfigurationPlatforms) = postSolution
		{6490555E-CB9E-41ED-9EDE-5BAE5271A869}.Debug|x64.ActiveCfg = Debug|x64
		{6490555E-CB9E-41ED-9EDE-5BAE5271A869}.Debug|x64.Build.0 = Debug|x64
		{6490555E-CB9E-41ED-9EDE-5BAE5271A869}.Debug|x86.ActiveCfg = Debug|Win32
		{6490555E-CB9E-41ED-9EDE-5BAE5271A869}.Debug|x86.Build.0 = Debug|Win32
		{6490555E-CB9E-41ED-9EDE-5BAE5271A869}.Release|x64.ActiveCfg = Release|x64
		{6490555E-CB9E-41ED-9EDE-5BAE5271A869}.Release|x64.Build.0 = Release|x64
		{6490555E-CB9E-41ED-9EDE-5BAE5271A869}.Release|x86.ActiveCfg = Release|Win32
		{6490555E-CB9E-41ED-9EDE-5BAE5271A869}.Release|x86.Build.0 = Release|Win32
		{9671D3A9-27E8-4166-A419-1AA0896D7F80}.Debug|x64.ActiveCfg = Debug|x64
		{9671D3A9-27E8-4166-A419-1AA0896D7F80}.Debug|x64.Build.0 = Debug|x64
		{9671D3A9-27E8-4166-A419-1AA0896D7F80}.Debug|x86.ActiveCfg = Debug|Win32
		{9671D3A9-27E8-4166-A419-1AA0896D7F80}.Debug|x86.Build.0 = Debug|Win32
		{9671D3A9-27E8-4166-A419-1AA0896D7F80}.Release|x64.ActiveCfg = Release|x64
		{9671D3A9-27E8-4166-A419-1AA0896D7F80}.Release|x64.Build.0 = Release|x64
		{9671D3A9-27E8-4166-A419-1AA0896D7F80}.Release|x86.ActiveCfg = Release|Win32
		{9671D3A9-27E8-4166-A419-1AA0896D7F80}.Release|x86.Build.0 = Release|Win32
	EndGlobalSection
	GlobalSection(SolutionProperties) = preSolution
		HideSolutionNode = FALSE
	EndGlobalSection
	GlobalSection(ExtensibilityGlobals) = postSolution
		SolutionGuid = {6C785919-1BDF-4F8A-BBD9-0F702C79559D}
	EndGlobalSection
EndGlobal
